// !$*UTF8*$!
{
	archiveVersion = 1;
	classes = {
	};
	objectVersion = 56;
	objects = {

/* Begin PBXBuildFile section */
		EE3D2861293FA2F1002A6B73 /* KnowForViewController.swift in Sources */ = {isa = PBXBuildFile; fileRef = EE3D2860293FA2F1002A6B73 /* KnowForViewController.swift */; };
		EE3D2863293FAFA9002A6B73 /* CellSetupKnowFor.swift in Sources */ = {isa = PBXBuildFile; fileRef = EE3D2862293FAFA9002A6B73 /* CellSetupKnowFor.swift */; };
		EE80ECF1293EBA64001EE8FB /* PersonViewController.swift in Sources */ = {isa = PBXBuildFile; fileRef = EE80ECF0293EBA64001EE8FB /* PersonViewController.swift */; };
		EE80ECF3293EBB33001EE8FB /* CellSetupPerson.swift in Sources */ = {isa = PBXBuildFile; fileRef = EE80ECF2293EBB33001EE8FB /* CellSetupPerson.swift */; };
		EE80ECF5293EBC88001EE8FB /* PersonList.swift in Sources */ = {isa = PBXBuildFile; fileRef = EE80ECF4293EBC88001EE8FB /* PersonList.swift */; };
		EE80ECF7293EBCDB001EE8FB /* Person.swift in Sources */ = {isa = PBXBuildFile; fileRef = EE80ECF6293EBCDB001EE8FB /* Person.swift */; };
		EE80ECF9293EBF91001EE8FB /* Actuations.swift in Sources */ = {isa = PBXBuildFile; fileRef = EE80ECF8293EBF91001EE8FB /* Actuations.swift */; };
		EEAD40D4293D8CC700D0ABCA /* TvShowViewController.swift in Sources */ = {isa = PBXBuildFile; fileRef = EEAD40D3293D8CC700D0ABCA /* TvShowViewController.swift */; };
		EEAD40DE293E618E00D0ABCA /* TvShow.swift in Sources */ = {isa = PBXBuildFile; fileRef = EEAD40DD293E618E00D0ABCA /* TvShow.swift */; };
		EEAD40E0293E620000D0ABCA /* TvShowList.swift in Sources */ = {isa = PBXBuildFile; fileRef = EEAD40DF293E620000D0ABCA /* TvShowList.swift */; };
		EEAD40E2293E6B0A00D0ABCA /* CellSetupTvShow.swift in Sources */ = {isa = PBXBuildFile; fileRef = EEAD40E1293E6B0A00D0ABCA /* CellSetupTvShow.swift */; };
		EEBA4331293A6205008ADE35 /* AppDelegate.swift in Sources */ = {isa = PBXBuildFile; fileRef = EEBA4330293A6205008ADE35 /* AppDelegate.swift */; };
		EEBA4333293A6205008ADE35 /* SceneDelegate.swift in Sources */ = {isa = PBXBuildFile; fileRef = EEBA4332293A6205008ADE35 /* SceneDelegate.swift */; };
		EEBA4335293A6205008ADE35 /* MoviesViewController.swift in Sources */ = {isa = PBXBuildFile; fileRef = EEBA4334293A6205008ADE35 /* MoviesViewController.swift */; };
		EEBA4338293A6205008ADE35 /* Main.storyboard in Resources */ = {isa = PBXBuildFile; fileRef = EEBA4336293A6205008ADE35 /* Main.storyboard */; };
		EEBA433A293A6208008ADE35 /* Assets.xcassets in Resources */ = {isa = PBXBuildFile; fileRef = EEBA4339293A6208008ADE35 /* Assets.xcassets */; };
		EEBA433D293A6208008ADE35 /* LaunchScreen.storyboard in Resources */ = {isa = PBXBuildFile; fileRef = EEBA433B293A6208008ADE35 /* LaunchScreen.storyboard */; };
		EEBA4348293A624E008ADE35 /* MoviesList.swift in Sources */ = {isa = PBXBuildFile; fileRef = EEBA4347293A624E008ADE35 /* MoviesList.swift */; };
		EEBA434A293A631B008ADE35 /* Movie.swift in Sources */ = {isa = PBXBuildFile; fileRef = EEBA4349293A631B008ADE35 /* Movie.swift */; };
		EEBA434C293A6543008ADE35 /* MidiasBrain.swift in Sources */ = {isa = PBXBuildFile; fileRef = EEBA434B293A6543008ADE35 /* MidiasBrain.swift */; };
		EEBA434E293A6625008ADE35 /* MidiaType.swift in Sources */ = {isa = PBXBuildFile; fileRef = EEBA434D293A6625008ADE35 /* MidiaType.swift */; };
		EEBA4350293A7FB3008ADE35 /* CellSetupMovies.swift in Sources */ = {isa = PBXBuildFile; fileRef = EEBA434F293A7FB3008ADE35 /* CellSetupMovies.swift */; };
/* End PBXBuildFile section */

/* Begin PBXFileReference section */
		EE3D2860293FA2F1002A6B73 /* KnowForViewController.swift */ = {isa = PBXFileReference; lastKnownFileType = sourcecode.swift; path = KnowForViewController.swift; sourceTree = "<group>"; };
		EE3D2862293FAFA9002A6B73 /* CellSetupKnowFor.swift */ = {isa = PBXFileReference; lastKnownFileType = sourcecode.swift; path = CellSetupKnowFor.swift; sourceTree = "<group>"; };
		EE80ECF0293EBA64001EE8FB /* PersonViewController.swift */ = {isa = PBXFileReference; lastKnownFileType = sourcecode.swift; path = PersonViewController.swift; sourceTree = "<group>"; };
		EE80ECF2293EBB33001EE8FB /* CellSetupPerson.swift */ = {isa = PBXFileReference; lastKnownFileType = sourcecode.swift; path = CellSetupPerson.swift; sourceTree = "<group>"; };
		EE80ECF4293EBC88001EE8FB /* PersonList.swift */ = {isa = PBXFileReference; lastKnownFileType = sourcecode.swift; path = PersonList.swift; sourceTree = "<group>"; };
		EE80ECF6293EBCDB001EE8FB /* Person.swift */ = {isa = PBXFileReference; lastKnownFileType = sourcecode.swift; path = Person.swift; sourceTree = "<group>"; };
		EE80ECF8293EBF91001EE8FB /* Actuations.swift */ = {isa = PBXFileReference; lastKnownFileType = sourcecode.swift; path = Actuations.swift; sourceTree = "<group>"; };
		EEAD40D3293D8CC700D0ABCA /* TvShowViewController.swift */ = {isa = PBXFileReference; lastKnownFileType = sourcecode.swift; path = TvShowViewController.swift; sourceTree = "<group>"; };
		EEAD40DD293E618E00D0ABCA /* TvShow.swift */ = {isa = PBXFileReference; lastKnownFileType = sourcecode.swift; path = TvShow.swift; sourceTree = "<group>"; };
		EEAD40DF293E620000D0ABCA /* TvShowList.swift */ = {isa = PBXFileReference; lastKnownFileType = sourcecode.swift; path = TvShowList.swift; sourceTree = "<group>"; };
		EEAD40E1293E6B0A00D0ABCA /* CellSetupTvShow.swift */ = {isa = PBXFileReference; lastKnownFileType = sourcecode.swift; path = CellSetupTvShow.swift; sourceTree = "<group>"; };
		EEBA432D293A6205008ADE35 /* Movie-Trending-Week.app */ = {isa = PBXFileReference; explicitFileType = wrapper.application; includeInIndex = 0; path = "Movie-Trending-Week.app"; sourceTree = BUILT_PRODUCTS_DIR; };
		EEBA4330293A6205008ADE35 /* AppDelegate.swift */ = {isa = PBXFileReference; lastKnownFileType = sourcecode.swift; path = AppDelegate.swift; sourceTree = "<group>"; };
		EEBA4332293A6205008ADE35 /* SceneDelegate.swift */ = {isa = PBXFileReference; lastKnownFileType = sourcecode.swift; path = SceneDelegate.swift; sourceTree = "<group>"; };
		EEBA4334293A6205008ADE35 /* MoviesViewController.swift */ = {isa = PBXFileReference; lastKnownFileType = sourcecode.swift; path = MoviesViewController.swift; sourceTree = "<group>"; };
		EEBA4337293A6205008ADE35 /* Base */ = {isa = PBXFileReference; lastKnownFileType = file.storyboard; name = Base; path = Base.lproj/Main.storyboard; sourceTree = "<group>"; };
		EEBA4339293A6208008ADE35 /* Assets.xcassets */ = {isa = PBXFileReference; lastKnownFileType = folder.assetcatalog; path = Assets.xcassets; sourceTree = "<group>"; };
		EEBA433C293A6208008ADE35 /* Base */ = {isa = PBXFileReference; lastKnownFileType = file.storyboard; name = Base; path = Base.lproj/LaunchScreen.storyboard; sourceTree = "<group>"; };
		EEBA433E293A6208008ADE35 /* Info.plist */ = {isa = PBXFileReference; lastKnownFileType = text.plist.xml; path = Info.plist; sourceTree = "<group>"; };
		EEBA4347293A624E008ADE35 /* MoviesList.swift */ = {isa = PBXFileReference; lastKnownFileType = sourcecode.swift; path = MoviesList.swift; sourceTree = "<group>"; };
		EEBA4349293A631B008ADE35 /* Movie.swift */ = {isa = PBXFileReference; lastKnownFileType = sourcecode.swift; path = Movie.swift; sourceTree = "<group>"; };
		EEBA434B293A6543008ADE35 /* MidiasBrain.swift */ = {isa = PBXFileReference; lastKnownFileType = sourcecode.swift; path = MidiasBrain.swift; sourceTree = "<group>"; };
		EEBA434D293A6625008ADE35 /* MidiaType.swift */ = {isa = PBXFileReference; lastKnownFileType = sourcecode.swift; path = MidiaType.swift; sourceTree = "<group>"; };
		EEBA434F293A7FB3008ADE35 /* CellSetupMovies.swift */ = {isa = PBXFileReference; lastKnownFileType = sourcecode.swift; path = CellSetupMovies.swift; sourceTree = "<group>"; };
/* End PBXFileReference section */

/* Begin PBXFrameworksBuildPhase section */
		EEBA432A293A6205008ADE35 /* Frameworks */ = {
			isa = PBXFrameworksBuildPhase;
			buildActionMask = 2147483647;
			files = (
			);
			runOnlyForDeploymentPostprocessing = 0;
		};
/* End PBXFrameworksBuildPhase section */

/* Begin PBXGroup section */
		EEBA4324293A6205008ADE35 = {
			isa = PBXGroup;
			children = (
				EEBA432F293A6205008ADE35 /* Movie-Trending-Week */,
				EEBA432E293A6205008ADE35 /* Products */,
			);
			sourceTree = "<group>";
		};
		EEBA432E293A6205008ADE35 /* Products */ = {
			isa = PBXGroup;
			children = (
				EEBA432D293A6205008ADE35 /* Movie-Trending-Week.app */,
			);
			name = Products;
			sourceTree = "<group>";
		};
		EEBA432F293A6205008ADE35 /* Movie-Trending-Week */ = {
			isa = PBXGroup;
			children = (
				EEBA4346293A6224008ADE35 /* Models */,
				EEBA4345293A621A008ADE35 /* Views */,
				EEBA4344293A620F008ADE35 /* Controllers */,
				EEBA4330293A6205008ADE35 /* AppDelegate.swift */,
				EEBA4332293A6205008ADE35 /* SceneDelegate.swift */,
				EEBA4339293A6208008ADE35 /* Assets.xcassets */,
				EEBA433B293A6208008ADE35 /* LaunchScreen.storyboard */,
				EEBA433E293A6208008ADE35 /* Info.plist */,
			);
			path = "Movie-Trending-Week";
			sourceTree = "<group>";
		};
		EEBA4344293A620F008ADE35 /* Controllers */ = {
			isa = PBXGroup;
			children = (
				EEBA4334293A6205008ADE35 /* MoviesViewController.swift */,
				EEAD40D3293D8CC700D0ABCA /* TvShowViewController.swift */,
				EE80ECF0293EBA64001EE8FB /* PersonViewController.swift */,
				EE3D2860293FA2F1002A6B73 /* KnowForViewController.swift */,
			);
			path = Controllers;
			sourceTree = "<group>";
		};
		EEBA4345293A621A008ADE35 /* Views */ = {
			isa = PBXGroup;
			children = (
				EEBA4336293A6205008ADE35 /* Main.storyboard */,
				EEBA434F293A7FB3008ADE35 /* CellSetupMovies.swift */,
				EEAD40E1293E6B0A00D0ABCA /* CellSetupTvShow.swift */,
				EE80ECF2293EBB33001EE8FB /* CellSetupPerson.swift */,
				EE3D2862293FAFA9002A6B73 /* CellSetupKnowFor.swift */,
			);
			path = Views;
			sourceTree = "<group>";
		};
		EEBA4346293A6224008ADE35 /* Models */ = {
			isa = PBXGroup;
			children = (
				EEBA434B293A6543008ADE35 /* MidiasBrain.swift */,
				EEBA4347293A624E008ADE35 /* MoviesList.swift */,
				EEBA4349293A631B008ADE35 /* Movie.swift */,
				EEAD40DF293E620000D0ABCA /* TvShowList.swift */,
				EEAD40DD293E618E00D0ABCA /* TvShow.swift */,
				EE80ECF4293EBC88001EE8FB /* PersonList.swift */,
				EE80ECF6293EBCDB001EE8FB /* Person.swift */,
				EE80ECF8293EBF91001EE8FB /* Actuations.swift */,
				EEBA434D293A6625008ADE35 /* MidiaType.swift */,
			);
			path = Models;
			sourceTree = "<group>";
		};
/* End PBXGroup section */

/* Begin PBXNativeTarget section */
		EEBA432C293A6205008ADE35 /* Movie-Trending-Week */ = {
			isa = PBXNativeTarget;
			buildConfigurationList = EEBA4341293A6208008ADE35 /* Build configuration list for PBXNativeTarget "Movie-Trending-Week" */;
			buildPhases = (
				EEBA4329293A6205008ADE35 /* Sources */,
				EEBA432A293A6205008ADE35 /* Frameworks */,
				EEBA432B293A6205008ADE35 /* Resources */,
			);
			buildRules = (
			);
			dependencies = (
			);
			name = "Movie-Trending-Week";
			productName = "Movie-Trending-Week";
			productReference = EEBA432D293A6205008ADE35 /* Movie-Trending-Week.app */;
			productType = "com.apple.product-type.application";
		};
/* End PBXNativeTarget section */

/* Begin PBXProject section */
		EEBA4325293A6205008ADE35 /* Project object */ = {
			isa = PBXProject;
			attributes = {
				BuildIndependentTargetsInParallel = 1;
				LastSwiftUpdateCheck = 1400;
				LastUpgradeCheck = 1400;
				TargetAttributes = {
					EEBA432C293A6205008ADE35 = {
						CreatedOnToolsVersion = 14.0.1;
					};
				};
			};
			buildConfigurationList = EEBA4328293A6205008ADE35 /* Build configuration list for PBXProject "Movie-Trending-Week" */;
			compatibilityVersion = "Xcode 14.0";
			developmentRegion = en;
			hasScannedForEncodings = 0;
			knownRegions = (
				en,
				Base,
			);
			mainGroup = EEBA4324293A6205008ADE35;
			productRefGroup = EEBA432E293A6205008ADE35 /* Products */;
			projectDirPath = "";
			projectRoot = "";
			targets = (
				EEBA432C293A6205008ADE35 /* Movie-Trending-Week */,
			);
		};
/* End PBXProject section */

/* Begin PBXResourcesBuildPhase section */
		EEBA432B293A6205008ADE35 /* Resources */ = {
			isa = PBXResourcesBuildPhase;
			buildActionMask = 2147483647;
			files = (
				EEBA433D293A6208008ADE35 /* LaunchScreen.storyboard in Resources */,
				EEBA433A293A6208008ADE35 /* Assets.xcassets in Resources */,
				EEBA4338293A6205008ADE35 /* Main.storyboard in Resources */,
			);
			runOnlyForDeploymentPostprocessing = 0;
		};
/* End PBXResourcesBuildPhase section */

/* Begin PBXSourcesBuildPhase section */
		EEBA4329293A6205008ADE35 /* Sources */ = {
			isa = PBXSourcesBuildPhase;
			buildActionMask = 2147483647;
			files = (
				EE80ECF3293EBB33001EE8FB /* CellSetupPerson.swift in Sources */,
				EE3D2863293FAFA9002A6B73 /* CellSetupKnowFor.swift in Sources */,
				EEAD40D4293D8CC700D0ABCA /* TvShowViewController.swift in Sources */,
				EEBA4335293A6205008ADE35 /* MoviesViewController.swift in Sources */,
				EE3D2861293FA2F1002A6B73 /* KnowForViewController.swift in Sources */,
				EEAD40DE293E618E00D0ABCA /* TvShow.swift in Sources */,
				EEBA4331293A6205008ADE35 /* AppDelegate.swift in Sources */,
				EE80ECF9293EBF91001EE8FB /* Actuations.swift in Sources */,
				EEAD40E2293E6B0A00D0ABCA /* CellSetupTvShow.swift in Sources */,
				EEBA4348293A624E008ADE35 /* MoviesList.swift in Sources */,
				EE80ECF1293EBA64001EE8FB /* PersonViewController.swift in Sources */,
				EEBA4350293A7FB3008ADE35 /* CellSetupMovies.swift in Sources */,
				EEBA4333293A6205008ADE35 /* SceneDelegate.swift in Sources */,
				EEBA434E293A6625008ADE35 /* MidiaType.swift in Sources */,
				EEAD40E0293E620000D0ABCA /* TvShowList.swift in Sources */,
				EEBA434A293A631B008ADE35 /* Movie.swift in Sources */,
				EE80ECF5293EBC88001EE8FB /* PersonList.swift in Sources */,
				EE80ECF7293EBCDB001EE8FB /* Person.swift in Sources */,
				EEBA434C293A6543008ADE35 /* MidiasBrain.swift in Sources */,
			);
			runOnlyForDeploymentPostprocessing = 0;
		};
/* End PBXSourcesBuildPhase section */

/* Begin PBXVariantGroup section */
		EEBA4336293A6205008ADE35 /* Main.storyboard */ = {
			isa = PBXVariantGroup;
			children = (
				EEBA4337293A6205008ADE35 /* Base */,
			);
			name = Main.storyboard;
			sourceTree = "<group>";
		};
		EEBA433B293A6208008ADE35 /* LaunchScreen.storyboard */ = {
			isa = PBXVariantGroup;
			children = (
				EEBA433C293A6208008ADE35 /* Base */,
			);
			name = LaunchScreen.storyboard;
			sourceTree = "<group>";
		};
/* End PBXVariantGroup section */

/* Begin XCBuildConfiguration section */
		EEBA433F293A6208008ADE35 /* Debug */ = {
			isa = XCBuildConfiguration;
			buildSettings = {
				ALWAYS_SEARCH_USER_PATHS = NO;
				CLANG_ANALYZER_NONNULL = YES;
				CLANG_ANALYZER_NUMBER_OBJECT_CONVERSION = YES_AGGRESSIVE;
				CLANG_CXX_LANGUAGE_STANDARD = "gnu++20";
				CLANG_ENABLE_MODULES = YES;
				CLANG_ENABLE_OBJC_ARC = YES;
				CLANG_ENABLE_OBJC_WEAK = YES;
				CLANG_WARN_BLOCK_CAPTURE_AUTORELEASING = YES;
				CLANG_WARN_BOOL_CONVERSION = YES;
				CLANG_WARN_COMMA = YES;
				CLANG_WARN_CONSTANT_CONVERSION = YES;
				CLANG_WARN_DEPRECATED_OBJC_IMPLEMENTATIONS = YES;
				CLANG_WARN_DIRECT_OBJC_ISA_USAGE = YES_ERROR;
				CLANG_WARN_DOCUMENTATION_COMMENTS = YES;
				CLANG_WARN_EMPTY_BODY = YES;
				CLANG_WARN_ENUM_CONVERSION = YES;
				CLANG_WARN_INFINITE_RECURSION = YES;
				CLANG_WARN_INT_CONVERSION = YES;
				CLANG_WARN_NON_LITERAL_NULL_CONVERSION = YES;
				CLANG_WARN_OBJC_IMPLICIT_RETAIN_SELF = YES;
				CLANG_WARN_OBJC_LITERAL_CONVERSION = YES;
				CLANG_WARN_OBJC_ROOT_CLASS = YES_ERROR;
				CLANG_WARN_QUOTED_INCLUDE_IN_FRAMEWORK_HEADER = YES;
				CLANG_WARN_RANGE_LOOP_ANALYSIS = YES;
				CLANG_WARN_STRICT_PROTOTYPES = YES;
				CLANG_WARN_SUSPICIOUS_MOVE = YES;
				CLANG_WARN_UNGUARDED_AVAILABILITY = YES_AGGRESSIVE;
				CLANG_WARN_UNREACHABLE_CODE = YES;
				CLANG_WARN__DUPLICATE_METHOD_MATCH = YES;
				COPY_PHASE_STRIP = NO;
				DEBUG_INFORMATION_FORMAT = dwarf;
				ENABLE_STRICT_OBJC_MSGSEND = YES;
				ENABLE_TESTABILITY = YES;
				GCC_C_LANGUAGE_STANDARD = gnu11;
				GCC_DYNAMIC_NO_PIC = NO;
				GCC_NO_COMMON_BLOCKS = YES;
				GCC_OPTIMIZATION_LEVEL = 0;
				GCC_PREPROCESSOR_DEFINITIONS = (
					"DEBUG=1",
					"$(inherited)",
				);
				GCC_WARN_64_TO_32_BIT_CONVERSION = YES;
				GCC_WARN_ABOUT_RETURN_TYPE = YES_ERROR;
				GCC_WARN_UNDECLARED_SELECTOR = YES;
				GCC_WARN_UNINITIALIZED_AUTOS = YES_AGGRESSIVE;
				GCC_WARN_UNUSED_FUNCTION = YES;
				GCC_WARN_UNUSED_VARIABLE = YES;
				IPHONEOS_DEPLOYMENT_TARGET = 16.0;
				MTL_ENABLE_DEBUG_INFO = INCLUDE_SOURCE;
				MTL_FAST_MATH = YES;
				ONLY_ACTIVE_ARCH = YES;
				SDKROOT = iphoneos;
				SWIFT_ACTIVE_COMPILATION_CONDITIONS = DEBUG;
				SWIFT_OPTIMIZATION_LEVEL = "-Onone";
			};
			name = Debug;
		};
		EEBA4340293A6208008ADE35 /* Release */ = {
			isa = XCBuildConfiguration;
			buildSettings = {
				ALWAYS_SEARCH_USER_PATHS = NO;
				CLANG_ANALYZER_NONNULL = YES;
				CLANG_ANALYZER_NUMBER_OBJECT_CONVERSION = YES_AGGRESSIVE;
				CLANG_CXX_LANGUAGE_STANDARD = "gnu++20";
				CLANG_ENABLE_MODULES = YES;
				CLANG_ENABLE_OBJC_ARC = YES;
				CLANG_ENABLE_OBJC_WEAK = YES;
				CLANG_WARN_BLOCK_CAPTURE_AUTORELEASING = YES;
				CLANG_WARN_BOOL_CONVERSION = YES;
				CLANG_WARN_COMMA = YES;
				CLANG_WARN_CONSTANT_CONVERSION = YES;
				CLANG_WARN_DEPRECATED_OBJC_IMPLEMENTATIONS = YES;
				CLANG_WARN_DIRECT_OBJC_ISA_USAGE = YES_ERROR;
				CLANG_WARN_DOCUMENTATION_COMMENTS = YES;
				CLANG_WARN_EMPTY_BODY = YES;
				CLANG_WARN_ENUM_CONVERSION = YES;
				CLANG_WARN_INFINITE_RECURSION = YES;
				CLANG_WARN_INT_CONVERSION = YES;
				CLANG_WARN_NON_LITERAL_NULL_CONVERSION = YES;
				CLANG_WARN_OBJC_IMPLICIT_RETAIN_SELF = YES;
				CLANG_WARN_OBJC_LITERAL_CONVERSION = YES;
				CLANG_WARN_OBJC_ROOT_CLASS = YES_ERROR;
				CLANG_WARN_QUOTED_INCLUDE_IN_FRAMEWORK_HEADER = YES;
				CLANG_WARN_RANGE_LOOP_ANALYSIS = YES;
				CLANG_WARN_STRICT_PROTOTYPES = YES;
				CLANG_WARN_SUSPICIOUS_MOVE = YES;
				CLANG_WARN_UNGUARDED_AVAILABILITY = YES_AGGRESSIVE;
				CLANG_WARN_UNREACHABLE_CODE = YES;
				CLANG_WARN__DUPLICATE_METHOD_MATCH = YES;
				COPY_PHASE_STRIP = NO;
				DEBUG_INFORMATION_FORMAT = "dwarf-with-dsym";
				ENABLE_NS_ASSERTIONS = NO;
				ENABLE_STRICT_OBJC_MSGSEND = YES;
				GCC_C_LANGUAGE_STANDARD = gnu11;
				GCC_NO_COMMON_BLOCKS = YES;
				GCC_WARN_64_TO_32_BIT_CONVERSION = YES;
				GCC_WARN_ABOUT_RETURN_TYPE = YES_ERROR;
				GCC_WARN_UNDECLARED_SELECTOR = YES;
				GCC_WARN_UNINITIALIZED_AUTOS = YES_AGGRESSIVE;
				GCC_WARN_UNUSED_FUNCTION = YES;
				GCC_WARN_UNUSED_VARIABLE = YES;
				IPHONEOS_DEPLOYMENT_TARGET = 16.0;
				MTL_ENABLE_DEBUG_INFO = NO;
				MTL_FAST_MATH = YES;
				SDKROOT = iphoneos;
				SWIFT_COMPILATION_MODE = wholemodule;
				SWIFT_OPTIMIZATION_LEVEL = "-O";
				VALIDATE_PRODUCT = YES;
			};
			name = Release;
		};
		EEBA4342293A6208008ADE35 /* Debug */ = {
			isa = XCBuildConfiguration;
			buildSettings = {
				ASSETCATALOG_COMPILER_APPICON_NAME = AppIcon;
				ASSETCATALOG_COMPILER_GLOBAL_ACCENT_COLOR_NAME = AccentColor;
				CODE_SIGN_STYLE = Automatic;
				CURRENT_PROJECT_VERSION = 1;
				DEVELOPMENT_TEAM = 7Q2JD863XR;
				GENERATE_INFOPLIST_FILE = YES;
				INFOPLIST_FILE = "Movie-Trending-Week/Info.plist";
				INFOPLIST_KEY_UIApplicationSupportsIndirectInputEvents = YES;
				INFOPLIST_KEY_UILaunchStoryboardName = LaunchScreen;
				INFOPLIST_KEY_UIMainStoryboardFile = Main;
				INFOPLIST_KEY_UISupportedInterfaceOrientations_iPad = "UIInterfaceOrientationPortrait UIInterfaceOrientationPortraitUpsideDown UIInterfaceOrientationLandscapeLeft UIInterfaceOrientationLandscapeRight";
				INFOPLIST_KEY_UISupportedInterfaceOrientations_iPhone = "UIInterfaceOrientationPortrait UIInterfaceOrientationLandscapeLeft UIInterfaceOrientationLandscapeRight";
				LD_RUNPATH_SEARCH_PATHS = (
					"$(inherited)",
					"@executable_path/Frameworks",
				);
				MARKETING_VERSION = 1.0;
				PRODUCT_BUNDLE_IDENTIFIER = "Maciel.Emerson.Movie-Trending-Week";
				PRODUCT_NAME = "$(TARGET_NAME)";
				SWIFT_EMIT_LOC_STRINGS = YES;
				SWIFT_VERSION = 5.0;
				TARGETED_DEVICE_FAMILY = "1,2";
			};
			name = Debug;
		};
		EEBA4343293A6208008ADE35 /* Release */ = {
			isa = XCBuildConfiguration;
			buildSettings = {
				ASSETCATALOG_COMPILER_APPICON_NAME = AppIcon;
				ASSETCATALOG_COMPILER_GLOBAL_ACCENT_COLOR_NAME = AccentColor;
				CODE_SIGN_STYLE = Automatic;
				CURRENT_PROJECT_VERSION = 1;
				DEVELOPMENT_TEAM = 7Q2JD863XR;
				GENERATE_INFOPLIST_FILE = YES;
				INFOPLIST_FILE = "Movie-Trending-Week/Info.plist";
				INFOPLIST_KEY_UIApplicationSupportsIndirectInputEvents = YES;
				INFOPLIST_KEY_UILaunchStoryboardName = LaunchScreen;
				INFOPLIST_KEY_UIMainStoryboardFile = Main;
				INFOPLIST_KEY_UISupportedInterfaceOrientations_iPad = "UIInterfaceOrientationPortrait UIInterfaceOrientationPortraitUpsideDown UIInterfaceOrientationLandscapeLeft UIInterfaceOrientationLandscapeRight";
				INFOPLIST_KEY_UISupportedInterfaceOrientations_iPhone = "UIInterfaceOrientationPortrait UIInterfaceOrientationLandscapeLeft UIInterfaceOrientationLandscapeRight";
				LD_RUNPATH_SEARCH_PATHS = (
					"$(inherited)",
					"@executable_path/Frameworks",
				);
				MARKETING_VERSION = 1.0;
				PRODUCT_BUNDLE_IDENTIFIER = "Maciel.Emerson.Movie-Trending-Week";
				PRODUCT_NAME = "$(TARGET_NAME)";
				SWIFT_EMIT_LOC_STRINGS = YES;
				SWIFT_VERSION = 5.0;
				TARGETED_DEVICE_FAMILY = "1,2";
			};
			name = Release;
		};
/* End XCBuildConfiguration section */

/* Begin XCConfigurationList section */
		EEBA4328293A6205008ADE35 /* Build configuration list for PBXProject "Movie-Trending-Week" */ = {
			isa = XCConfigurationList;
			buildConfigurations = (
				EEBA433F293A6208008ADE35 /* Debug */,
				EEBA4340293A6208008ADE35 /* Release */,
			);
			defaultConfigurationIsVisible = 0;
			defaultConfigurationName = Release;
		};
		EEBA4341293A6208008ADE35 /* Build configuration list for PBXNativeTarget "Movie-Trending-Week" */ = {
			isa = XCConfigurationList;
			buildConfigurations = (
				EEBA4342293A6208008ADE35 /* Debug */,
				EEBA4343293A6208008ADE35 /* Release */,
			);
			defaultConfigurationIsVisible = 0;
			defaultConfigurationName = Release;
		};
/* End XCConfigurationList section */
	};
	rootObject = EEBA4325293A6205008ADE35 /* Project object */;
}
